
Microsoft Visual Studio Solution File, Format Version 12.00
# Visual Studio Version 17
VisualStudioVersion = 17.3.32901.215
MinimumVisualStudioVersion = 10.0.40219.1
Project("{FAE04EC0-301F-11D3-BF4B-00C04F79EFBC}") = "FightFN", "FightFN.csproj", "{09C0B264-2494-410C-B2CF-51FC78A26AFF}"
EndProject
Global
	GlobalSection(SolutionConfigurationPlatforms) = preSolution
		Debug|Any CPU = Debug|Any CPU
		Release|Any CPU = Release|Any CPU
	EndGlobalSection
	GlobalSection(ProjectConfigurationPlatforms) = postSolution
		{09C0B264-2494-410C-B2CF-51FC78A26AFF}.Debug|Any CPU.ActiveCfg = Debug|Any CPU
		{09C0B264-2494-410C-B2CF-51FC78A26AFF}.Debug|Any CPU.Build.0 = Debug|Any CPU
		{09C0B264-2494-410C-B2CF-51FC78A26AFF}.Release|Any CPU.ActiveCfg = Release|Any CPU
		{09C0B264-2494-410C-B2CF-51FC78A26AFF}.Release|Any CPU.Build.0 = Release|Any CPU
	EndGlobalSection
	GlobalSection(SolutionProperties) = preSolution
		HideSolutionNode = FALSE
	EndGlobalSection
	GlobalSection(ExtensibilityGlobals) = postSolution
		SolutionGuid = {3CC03F32-BD56-4283-B290-1D8B59D1CA53}
	EndGlobalSection
EndGlobal
